
Microsoft Visual Studio Solution File, Format Version 12.00
Project("{2150E333-8FDC-42A3-9474-1A3956D46DE8}") = "Aspire", "Aspire", "{99FEF489-B1B3-4FF1-B2F7-D34FE6A85E76}"
EndProject
Project("{2150E333-8FDC-42A3-9474-1A3956D46DE8}") = "Services", "Services", "{15286053-D041-4346-AE95-8907D5D046D4}"
EndProject
Project("{2150E333-8FDC-42A3-9474-1A3956D46DE8}") = "Frontend", "Frontend", "{4AFBD219-59DB-4049-B91F-A70235F697C3}"
EndProject
Project("{FAE04EC0-301F-11D3-BF4B-00C04F79EFBC}") = "AppHost", "AppHost\AppHost.csproj", "{C3C76AA3-910C-46B3-B77F-DFBFA2E4D70B}"
EndProject
Project("{FAE04EC0-301F-11D3-BF4B-00C04F79EFBC}") = "ServiceDefaults", "ServiceDefaults\ServiceDefaults.csproj", "{3D7A3018-4AC3-4AB2-ADD2-55840F368F2B}"
EndProject
Project("{FAE04EC0-301F-11D3-BF4B-00C04F79EFBC}") = "Catalog", "Catalog\Catalog.csproj", "{2FC66089-1F49-4F2D-9F4D-D7481DB04AD3}"
EndProject
Project("{FAE04EC0-301F-11D3-BF4B-00C04F79EFBC}") = "Basket", "Basket\Basket.csproj", "{8BE3D943-1FB2-4FC0-BCEC-A242741F5D06}"
EndProject
Project("{FAE04EC0-301F-11D3-BF4B-00C04F79EFBC}") = "WebApp", "WebApp\WebApp.csproj", "{4FFA80E5-0372-4266-8DCF-3135ACE2D872}"
EndProject
Global
	GlobalSection(SolutionConfigurationPlatforms) = preSolution
		Debug|Any CPU = Debug|Any CPU
		Release|Any CPU = Release|Any CPU
	EndGlobalSection
	GlobalSection(NestedProjects) = preSolution
		{C3C76AA3-910C-46B3-B77F-DFBFA2E4D70B} = {99FEF489-B1B3-4FF1-B2F7-D34FE6A85E76}
		{3D7A3018-4AC3-4AB2-ADD2-55840F368F2B} = {99FEF489-B1B3-4FF1-B2F7-D34FE6A85E76}
		{2FC66089-1F49-4F2D-9F4D-D7481DB04AD3} = {15286053-D041-4346-AE95-8907D5D046D4}
		{8BE3D943-1FB2-4FC0-BCEC-A242741F5D06} = {15286053-D041-4346-AE95-8907D5D046D4}
		{4FFA80E5-0372-4266-8DCF-3135ACE2D872} = {4AFBD219-59DB-4049-B91F-A70235F697C3}
	EndGlobalSection
	GlobalSection(ProjectConfigurationPlatforms) = postSolution
		{C3C76AA3-910C-46B3-B77F-DFBFA2E4D70B}.Debug|Any CPU.ActiveCfg = Debug|Any CPU
		{C3C76AA3-910C-46B3-B77F-DFBFA2E4D70B}.Debug|Any CPU.Build.0 = Debug|Any CPU
		{C3C76AA3-910C-46B3-B77F-DFBFA2E4D70B}.Release|Any CPU.ActiveCfg = Release|Any CPU
		{C3C76AA3-910C-46B3-B77F-DFBFA2E4D70B}.Release|Any CPU.Build.0 = Release|Any CPU
		{3D7A3018-4AC3-4AB2-ADD2-55840F368F2B}.Debug|Any CPU.ActiveCfg = Debug|Any CPU
		{3D7A3018-4AC3-4AB2-ADD2-55840F368F2B}.Debug|Any CPU.Build.0 = Debug|Any CPU
		{3D7A3018-4AC3-4AB2-ADD2-55840F368F2B}.Release|Any CPU.ActiveCfg = Release|Any CPU
		{3D7A3018-4AC3-4AB2-ADD2-55840F368F2B}.Release|Any CPU.Build.0 = Release|Any CPU
		{2FC66089-1F49-4F2D-9F4D-D7481DB04AD3}.Debug|Any CPU.ActiveCfg = Debug|Any CPU
		{2FC66089-1F49-4F2D-9F4D-D7481DB04AD3}.Debug|Any CPU.Build.0 = Debug|Any CPU
		{2FC66089-1F49-4F2D-9F4D-D7481DB04AD3}.Release|Any CPU.ActiveCfg = Release|Any CPU
		{2FC66089-1F49-4F2D-9F4D-D7481DB04AD3}.Release|Any CPU.Build.0 = Release|Any CPU
		{8BE3D943-1FB2-4FC0-BCEC-A242741F5D06}.Debug|Any CPU.ActiveCfg = Debug|Any CPU
		{8BE3D943-1FB2-4FC0-BCEC-A242741F5D06}.Debug|Any CPU.Build.0 = Debug|Any CPU
		{8BE3D943-1FB2-4FC0-BCEC-A242741F5D06}.Release|Any CPU.ActiveCfg = Release|Any CPU
		{8BE3D943-1FB2-4FC0-BCEC-A242741F5D06}.Release|Any CPU.Build.0 = Release|Any CPU
		{4FFA80E5-0372-4266-8DCF-3135ACE2D872}.Debug|Any CPU.ActiveCfg = Debug|Any CPU
		{4FFA80E5-0372-4266-8DCF-3135ACE2D872}.Debug|Any CPU.Build.0 = Debug|Any CPU
		{4FFA80E5-0372-4266-8DCF-3135ACE2D872}.Release|Any CPU.ActiveCfg = Release|Any CPU
		{4FFA80E5-0372-4266-8DCF-3135ACE2D872}.Release|Any CPU.Build.0 = Release|Any CPU
	EndGlobalSection
EndGlobal
